
Microsoft Visual Studio Solution File, Format Version 12.00
# Visual Studio 14
VisualStudioVersion = 14.0.24720.0
MinimumVisualStudioVersion = 10.0.40219.1
Project("{FAE04EC0-301F-11D3-BF4B-00C04F79EFBC}") = "Pac-Man", "Pac-Man\Pac-Man.csproj", "{59079E06-20A8-4FD6-B898-CFBFD15C8093}"
EndProject
Project("{FAE04EC0-301F-11D3-BF4B-00C04F79EFBC}") = "GridMap", "GridMap\GridMap.csproj", "{1513430F-90A7-4171-8468-C5BAE6079A34}"
EndProject
Global
	GlobalSection(SolutionConfigurationPlatforms) = preSolution
		Debug|Any CPU = Debug|Any CPU
		Release|Any CPU = Release|Any CPU
	EndGlobalSection
	GlobalSection(ProjectConfigurationPlatforms) = postSolution
		{59079E06-20A8-4FD6-B898-CFBFD15C8093}.Debug|Any CPU.ActiveCfg = Debug|Any CPU
		{59079E06-20A8-4FD6-B898-CFBFD15C8093}.Debug|Any CPU.Build.0 = Debug|Any CPU
		{59079E06-20A8-4FD6-B898-CFBFD15C8093}.Release|Any CPU.ActiveCfg = Release|Any CPU
		{59079E06-20A8-4FD6-B898-CFBFD15C8093}.Release|Any CPU.Build.0 = Release|Any CPU
		{1513430F-90A7-4171-8468-C5BAE6079A34}.Debug|Any CPU.ActiveCfg = Debug|Any CPU
		{1513430F-90A7-4171-8468-C5BAE6079A34}.Debug|Any CPU.Build.0 = Debug|Any CPU
		{1513430F-90A7-4171-8468-C5BAE6079A34}.Release|Any CPU.ActiveCfg = Release|Any CPU
		{1513430F-90A7-4171-8468-C5BAE6079A34}.Release|Any CPU.Build.0 = Release|Any CPU
	EndGlobalSection
	GlobalSection(SolutionProperties) = preSolution
		HideSolutionNode = FALSE
	EndGlobalSection
EndGlobal
